
Microsoft Visual Studio Solution File, Format Version 10.00
# Visual Studio 2008
Project("{8BC9CEB8-8B4A-11D0-8D11-00A0C91BC942}") = "bdtorrent", "bdtorrent\bdtorrent.vcproj", "{4025A386-1B3D-45C9-AAAA-F6643282A732}"
EndProject
Global
	GlobalSection(SolutionConfigurationPlatforms) = preSolution
		Debug|Win32 = Debug|Win32
		Release|Win32 = Release|Win32
	EndGlobalSection
	GlobalSection(ProjectConfigurationPlatforms) = postSolution
		{4025A386-1B3D-45C9-AAAA-F6643282A732}.Debug|Win32.ActiveCfg = Debug|Win32
		{4025A386-1B3D-45C9-AAAA-F6643282A732}.Debug|Win32.Build.0 = Debug|Win32
		{4025A386-1B3D-45C9-AAAA-F6643282A732}.Release|Win32.ActiveCfg = Release|Win32
		{4025A386-1B3D-45C9-AAAA-F6643282A732}.Release|Win32.Build.0 = Release|Win32
	EndGlobalSection
	GlobalSection(SolutionProperties) = preSolution
		HideSolutionNode = FALSE
	EndGlobalSection
EndGlobal
