
Microsoft Visual Studio Solution File, Format Version 10.00
# Visual Studio 2008
Project("{8BC9CEB8-8B4A-11D0-8D11-00A0C91BC942}") = "GetMonitorType", "GetMonitorType\GetMonitorType.vcproj", "{E6D10B4F-2290-4157-B1E0-C91C26A5E1A3}"
EndProject
Global
	GlobalSection(SolutionConfigurationPlatforms) = preSolution
		Debug|Win32 = Debug|Win32
		Release|Win32 = Release|Win32
	EndGlobalSection
	GlobalSection(ProjectConfigurationPlatforms) = postSolution
		{E6D10B4F-2290-4157-B1E0-C91C26A5E1A3}.Debug|Win32.ActiveCfg = Debug|Win32
		{E6D10B4F-2290-4157-B1E0-C91C26A5E1A3}.Debug|Win32.Build.0 = Debug|Win32
		{E6D10B4F-2290-4157-B1E0-C91C26A5E1A3}.Release|Win32.ActiveCfg = Release|Win32
		{E6D10B4F-2290-4157-B1E0-C91C26A5E1A3}.Release|Win32.Build.0 = Release|Win32
	EndGlobalSection
	GlobalSection(SolutionProperties) = preSolution
		HideSolutionNode = FALSE
	EndGlobalSection
EndGlobal
