
Microsoft Visual Studio Solution File, Format Version 10.00
# Visual Studio 2008
Project("{8BC9CEB8-8B4A-11D0-8D11-00A0C91BC942}") = "CloseMuTex", "CloseMuTex\CloseMuTex.vcproj", "{53EB03AB-B6E4-4317-B07B-F9DBF81F14D9}"
EndProject
Global
	GlobalSection(SolutionConfigurationPlatforms) = preSolution
		Debug|Win32 = Debug|Win32
		Release|Win32 = Release|Win32
	EndGlobalSection
	GlobalSection(ProjectConfigurationPlatforms) = postSolution
		{53EB03AB-B6E4-4317-B07B-F9DBF81F14D9}.Debug|Win32.ActiveCfg = Debug|Win32
		{53EB03AB-B6E4-4317-B07B-F9DBF81F14D9}.Debug|Win32.Build.0 = Debug|Win32
		{53EB03AB-B6E4-4317-B07B-F9DBF81F14D9}.Release|Win32.ActiveCfg = Release|Win32
		{53EB03AB-B6E4-4317-B07B-F9DBF81F14D9}.Release|Win32.Build.0 = Release|Win32
	EndGlobalSection
	GlobalSection(SolutionProperties) = preSolution
		HideSolutionNode = FALSE
	EndGlobalSection
EndGlobal
