
Microsoft Visual Studio Solution File, Format Version 10.00
# Visual Studio 2008
Project("{8BC9CEB8-8B4A-11D0-8D11-00A0C91BC942}") = "SciTe", "SciTE.vcproj", "{477613B2-DBA2-4A90-A5F9-CF8EC4EC6B56}"
EndProject
Project("{8BC9CEB8-8B4A-11D0-8D11-00A0C91BC942}") = "Scintilla", "Scintilla.vcproj", "{EB309853-A408-4BBC-BDAA-6078D05B1DEB}"
EndProject
Project("{2150E333-8FDC-42A3-9474-1A3956D46DE8}") = "README", "README", "{684CCB20-316D-4630-8A96-79224E657734}"
	ProjectSection(SolutionItems) = preProject
		README.txt = README.txt
	EndProjectSection
EndProject
Global
	GlobalSection(SolutionConfigurationPlatforms) = preSolution
		UNICODE Debug|Win32 = UNICODE Debug|Win32
		UNICODE Debug|x64 = UNICODE Debug|x64
		UNICODE Release|Win32 = UNICODE Release|Win32
		UNICODE Release|x64 = UNICODE Release|x64
		UNICODE SHARE|Win32 = UNICODE SHARE|Win32
		UNICODE SHARE|x64 = UNICODE SHARE|x64
	EndGlobalSection
	GlobalSection(ProjectConfigurationPlatforms) = postSolution
		{477613B2-DBA2-4A90-A5F9-CF8EC4EC6B56}.UNICODE Debug|Win32.ActiveCfg = UNICODE Debug|Win32
		{477613B2-DBA2-4A90-A5F9-CF8EC4EC6B56}.UNICODE Debug|Win32.Build.0 = UNICODE Debug|Win32
		{477613B2-DBA2-4A90-A5F9-CF8EC4EC6B56}.UNICODE Debug|x64.ActiveCfg = UNICODE Debug|x64
		{477613B2-DBA2-4A90-A5F9-CF8EC4EC6B56}.UNICODE Debug|x64.Build.0 = UNICODE Debug|x64
		{477613B2-DBA2-4A90-A5F9-CF8EC4EC6B56}.UNICODE Release|Win32.ActiveCfg = UNICODE Release|Win32
		{477613B2-DBA2-4A90-A5F9-CF8EC4EC6B56}.UNICODE Release|Win32.Build.0 = UNICODE Release|Win32
		{477613B2-DBA2-4A90-A5F9-CF8EC4EC6B56}.UNICODE Release|x64.ActiveCfg = UNICODE Release|x64
		{477613B2-DBA2-4A90-A5F9-CF8EC4EC6B56}.UNICODE Release|x64.Build.0 = UNICODE Release|x64
		{477613B2-DBA2-4A90-A5F9-CF8EC4EC6B56}.UNICODE SHARE|Win32.ActiveCfg = UNICODE SHARE|Win32
		{477613B2-DBA2-4A90-A5F9-CF8EC4EC6B56}.UNICODE SHARE|Win32.Build.0 = UNICODE SHARE|Win32
		{477613B2-DBA2-4A90-A5F9-CF8EC4EC6B56}.UNICODE SHARE|x64.ActiveCfg = UNICODE SHARE|x64
		{477613B2-DBA2-4A90-A5F9-CF8EC4EC6B56}.UNICODE SHARE|x64.Build.0 = UNICODE SHARE|x64
		{EB309853-A408-4BBC-BDAA-6078D05B1DEB}.UNICODE Debug|Win32.ActiveCfg = UNICODE Debug|Win32
		{EB309853-A408-4BBC-BDAA-6078D05B1DEB}.UNICODE Debug|x64.ActiveCfg = UNICODE Debug|Win32
		{EB309853-A408-4BBC-BDAA-6078D05B1DEB}.UNICODE Release|Win32.ActiveCfg = UNICODE SHARE|Win32
		{EB309853-A408-4BBC-BDAA-6078D05B1DEB}.UNICODE Release|x64.ActiveCfg = UNICODE SHARE|x64
		{EB309853-A408-4BBC-BDAA-6078D05B1DEB}.UNICODE SHARE|Win32.ActiveCfg = UNICODE SHARE|Win32
		{EB309853-A408-4BBC-BDAA-6078D05B1DEB}.UNICODE SHARE|Win32.Build.0 = UNICODE SHARE|Win32
		{EB309853-A408-4BBC-BDAA-6078D05B1DEB}.UNICODE SHARE|x64.ActiveCfg = UNICODE SHARE|x64
		{EB309853-A408-4BBC-BDAA-6078D05B1DEB}.UNICODE SHARE|x64.Build.0 = UNICODE SHARE|x64
	EndGlobalSection
	GlobalSection(SolutionProperties) = preSolution
		HideSolutionNode = FALSE
	EndGlobalSection
EndGlobal
