<?xml version="1.0" encoding="utf-8"?>
<Project ToolsVersion="4.0" xmlns="http://schemas.microsoft.com/developer/msbuild/2003">
  <ItemGroup>
    <Filter Include="源文件">
      <UniqueIdentifier>{4FC737F1-C7A5-4376-A066-2A32D752A2FF}</UniqueIdentifier>
      <Extensions>cpp;c;cc;cxx;def;odl;idl;hpj;bat;asm;asmx</Extensions>
    </Filter>
    <Filter Include="头文件">
      <UniqueIdentifier>{93995380-89BD-4b04-88EB-625FBE52EBFB}</UniqueIdentifier>
      <Extensions>h;hpp;hxx;hm;inl;inc;xsd</Extensions>
    </Filter>
    <Filter Include="资源文件">
      <UniqueIdentifier>{67DA6AB6-F800-4c08-8B7A-83BB121AAD01}</UniqueIdentifier>
      <Extensions>rc;ico;cur;bmp;dlg;rc2;rct;bin;rgs;gif;jpg;jpeg;jpe;resx;tiff;tif;png;wav;mfcribbon-ms</Extensions>
    </Filter>
    <Filter Include="ZLIB">
      <UniqueIdentifier>{05817dba-6f9e-4f30-a4b8-0228f675dbf3}</UniqueIdentifier>
    </Filter>
  </ItemGroup>
  <ItemGroup>
    <ClCompile Include="..\srcA\client.c">
      <Filter>源文件</Filter>
    </ClCompile>
    <ClCompile Include="..\srcA\ctx.c">
      <Filter>源文件</Filter>
    </ClCompile>
    <ClCompile Include="..\srcA\env.c">
      <Filter>源文件</Filter>
    </ClCompile>
    <ClCompile Include="..\srcA\file.c">
      <Filter>源文件</Filter>
    </ClCompile>
    <ClCompile Include="..\srcA\libwrap.c">
      <Filter>源文件</Filter>
    </ClCompile>
    <ClCompile Include="..\srcA\log.c">
      <Filter>源文件</Filter>
    </ClCompile>
    <ClCompile Include="..\srcA\network.c">
      <Filter>源文件</Filter>
    </ClCompile>
    <ClCompile Include="..\srcA\nogui.c">
      <Filter>源文件</Filter>
    </ClCompile>
    <ClCompile Include="..\srcA\options.c">
      <Filter>源文件</Filter>
    </ClCompile>
    <ClCompile Include="..\srcA\protocol.c">
      <Filter>源文件</Filter>
    </ClCompile>
    <ClCompile Include="..\srcA\pty.c">
      <Filter>源文件</Filter>
    </ClCompile>
    <ClCompile Include="..\srcA\resolver.c">
      <Filter>源文件</Filter>
    </ClCompile>
    <ClCompile Include="..\srcA\ssl.c">
      <Filter>源文件</Filter>
    </ClCompile>
    <ClCompile Include="..\srcA\sthreads.c">
      <Filter>源文件</Filter>
    </ClCompile>
    <ClCompile Include="..\srcA\str.c">
      <Filter>源文件</Filter>
    </ClCompile>
    <ClCompile Include="..\srcA\stunnel.c">
      <Filter>源文件</Filter>
    </ClCompile>
    <ClCompile Include="..\srcA\verify.c">
      <Filter>源文件</Filter>
    </ClCompile>
    <ClCompile Include="..\srcA\gui.cpp">
      <Filter>源文件</Filter>
    </ClCompile>
    <ClCompile Include="..\srcA\zlib\adler32.c">
      <Filter>ZLIB</Filter>
    </ClCompile>
    <ClCompile Include="..\srcA\zlib\compress.c">
      <Filter>ZLIB</Filter>
    </ClCompile>
    <ClCompile Include="..\srcA\zlib\crc32.c">
      <Filter>ZLIB</Filter>
    </ClCompile>
    <ClCompile Include="..\srcA\zlib\deflate.c">
      <Filter>ZLIB</Filter>
    </ClCompile>
    <ClCompile Include="..\srcA\zlib\gzclose.c">
      <Filter>ZLIB</Filter>
    </ClCompile>
    <ClCompile Include="..\srcA\zlib\gzlib.c">
      <Filter>ZLIB</Filter>
    </ClCompile>
    <ClCompile Include="..\srcA\zlib\gzread.c">
      <Filter>ZLIB</Filter>
    </ClCompile>
    <ClCompile Include="..\srcA\zlib\gzwrite.c">
      <Filter>ZLIB</Filter>
    </ClCompile>
    <ClCompile Include="..\srcA\zlib\infback.c">
      <Filter>ZLIB</Filter>
    </ClCompile>
    <ClCompile Include="..\srcA\zlib\inffast.c">
      <Filter>ZLIB</Filter>
    </ClCompile>
    <ClCompile Include="..\srcA\zlib\inflate.c">
      <Filter>ZLIB</Filter>
    </ClCompile>
    <ClCompile Include="..\srcA\zlib\inftrees.c">
      <Filter>ZLIB</Filter>
    </ClCompile>
    <ClCompile Include="..\srcA\zlib\trees.c">
      <Filter>ZLIB</Filter>
    </ClCompile>
    <ClCompile Include="..\srcA\zlib\uncompr.c">
      <Filter>ZLIB</Filter>
    </ClCompile>
    <ClCompile Include="..\srcA\zlib\zutil.c">
      <Filter>ZLIB</Filter>
    </ClCompile>
  </ItemGroup>
  <ItemGroup>
    <ClInclude Include="..\srcA\common.h">
      <Filter>头文件</Filter>
    </ClInclude>
    <ClInclude Include="..\srcA\prototypes.h">
      <Filter>头文件</Filter>
    </ClInclude>
    <ClInclude Include="..\srcA\resources.h">
      <Filter>头文件</Filter>
    </ClInclude>
    <ClInclude Include="..\srcA\version.h">
      <Filter>头文件</Filter>
    </ClInclude>
    <ClInclude Include="..\srcA\zlib\crc32.h">
      <Filter>ZLIB</Filter>
    </ClInclude>
    <ClInclude Include="..\srcA\zlib\deflate.h">
      <Filter>ZLIB</Filter>
    </ClInclude>
    <ClInclude Include="..\srcA\zlib\gzguts.h">
      <Filter>ZLIB</Filter>
    </ClInclude>
    <ClInclude Include="..\srcA\zlib\inffast.h">
      <Filter>ZLIB</Filter>
    </ClInclude>
    <ClInclude Include="..\srcA\zlib\inffixed.h">
      <Filter>ZLIB</Filter>
    </ClInclude>
    <ClInclude Include="..\srcA\zlib\inflate.h">
      <Filter>ZLIB</Filter>
    </ClInclude>
    <ClInclude Include="..\srcA\zlib\inftrees.h">
      <Filter>ZLIB</Filter>
    </ClInclude>
    <ClInclude Include="..\srcA\zlib\trees.h">
      <Filter>ZLIB</Filter>
    </ClInclude>
    <ClInclude Include="..\srcA\zlib\zconf.h">
      <Filter>ZLIB</Filter>
    </ClInclude>
    <ClInclude Include="..\srcA\zlib\zlib.h">
      <Filter>ZLIB</Filter>
    </ClInclude>
    <ClInclude Include="..\srcA\zlib\zutil.h">
      <Filter>ZLIB</Filter>
    </ClInclude>
  </ItemGroup>
  <ItemGroup>
    <ResourceCompile Include="..\srcA\resources.rc">
      <Filter>资源文件</Filter>
    </ResourceCompile>
  </ItemGroup>
  <ItemGroup>
    <None Include="..\srcA\stunnel.ico">
      <Filter>资源文件</Filter>
    </None>
  </ItemGroup>
</Project>