<?xml version="1.0" encoding="utf-8"?>
<Project ToolsVersion="4.0" xmlns="http://schemas.microsoft.com/developer/msbuild/2003">
  <ItemGroup>
    <Filter Include="Source Files">
      <UniqueIdentifier>{2d9e495e-0c9e-4131-88f4-e5131723df98}</UniqueIdentifier>
      <Extensions>cpp;c;cxx;rc;def;r;odl;idl;hpj;bat</Extensions>
    </Filter>
    <Filter Include="Header Files">
      <UniqueIdentifier>{d477e509-3e6f-4aa3-a72a-58a77914ad5b}</UniqueIdentifier>
      <Extensions>h;hpp;hxx;hm;inl</Extensions>
    </Filter>
    <Filter Include="Resource Files">
      <UniqueIdentifier>{000f343a-2a23-4801-ac17-f7be6a7d63a1}</UniqueIdentifier>
      <Extensions>ico;cur;bmp;dlg;rc2;rct;bin;rgs;gif;jpg;jpeg;jpe</Extensions>
    </Filter>
  </ItemGroup>
  <ItemGroup>
    <ClCompile Include="CriticalSectionWrapper.cpp">
      <Filter>Source Files</Filter>
    </ClCompile>
    <ClCompile Include="main.cpp">
      <Filter>Source Files</Filter>
    </ClCompile>
    <ClCompile Include="radix.c">
      <Filter>Source Files</Filter>
    </ClCompile>
  </ItemGroup>
  <ItemGroup>
    <ClInclude Include="CriticalSectionWrapper.h">
      <Filter>Header Files</Filter>
    </ClInclude>
    <ClInclude Include="externvars.h">
      <Filter>Header Files</Filter>
    </ClInclude>
    <ClInclude Include="ftp_var.h">
      <Filter>Header Files</Filter>
    </ClInclude>
    <ClInclude Include="gssapi.h">
      <Filter>Header Files</Filter>
    </ClInclude>
    <ClInclude Include="win-mac.h">
      <Filter>Header Files</Filter>
    </ClInclude>
  </ItemGroup>
</Project>