<?xml version="1.0" encoding="utf-8"?>
<Project ToolsVersion="4.0" xmlns="http://schemas.microsoft.com/developer/msbuild/2003">
  <ItemGroup>
    <Filter Include="Source Files">
      <UniqueIdentifier>{27eda070-48cb-4b3a-a03b-b48fbf234da8}</UniqueIdentifier>
      <Extensions>cpp;c;cxx;rc;def;r;odl;idl;hpj;bat</Extensions>
    </Filter>
    <Filter Include="Header Files">
      <UniqueIdentifier>{136a729e-bb71-4a25-82e6-d1a81a891f3c}</UniqueIdentifier>
      <Extensions>h;hpp;hxx;hm;inl</Extensions>
    </Filter>
    <Filter Include="Resource Files">
      <UniqueIdentifier>{3200b418-2b34-4220-bbc3-6306608b4e31}</UniqueIdentifier>
      <Extensions>ico;cur;bmp;dlg;rc2;rct;bin;rgs;gif;jpg;jpeg;jpe</Extensions>
    </Filter>
  </ItemGroup>
  <ItemGroup>
    <ClCompile Include="CriticalSectionWrapper.cpp">
      <Filter>Source Files</Filter>
    </ClCompile>
    <ClCompile Include="main.cpp">
      <Filter>Source Files</Filter>
    </ClCompile>
    <ClCompile Include="radix.c">
      <Filter>Source Files</Filter>
    </ClCompile>
  </ItemGroup>
  <ItemGroup>
    <ClInclude Include="CriticalSectionWrapper.h">
      <Filter>Header Files</Filter>
    </ClInclude>
    <ClInclude Include="externvars.h">
      <Filter>Header Files</Filter>
    </ClInclude>
    <ClInclude Include="ftp_var.h">
      <Filter>Header Files</Filter>
    </ClInclude>
    <ClInclude Include="gssapi.h">
      <Filter>Header Files</Filter>
    </ClInclude>
    <ClInclude Include="win-mac.h">
      <Filter>Header Files</Filter>
    </ClInclude>
  </ItemGroup>
</Project>