<?xml version="1.0" encoding="utf-8"?>
<Project ToolsVersion="4.0" xmlns="http://schemas.microsoft.com/developer/msbuild/2003">
  <ItemGroup>
    <Filter Include="Source Files">
      <UniqueIdentifier>{0448eade-05cb-4339-a813-cbd7ffca329b}</UniqueIdentifier>
      <Extensions>cpp;c;cxx;rc;def;r;odl;idl;hpj;bat</Extensions>
    </Filter>
    <Filter Include="Header Files">
      <UniqueIdentifier>{fb3a13a9-9f1e-4641-8dca-fb6f756ee836}</UniqueIdentifier>
      <Extensions>h;hpp;hxx;hm;inl</Extensions>
    </Filter>
    <Filter Include="Resource Files">
      <UniqueIdentifier>{142739ef-394b-4d20-b6d2-403a4378c015}</UniqueIdentifier>
      <Extensions>ico;cur;bmp;dlg;rc2;rct;bin;rgs;gif;jpg;jpeg;jpe</Extensions>
    </Filter>
  </ItemGroup>
  <ItemGroup>
    <ClCompile Include="..\Accounts.cpp">
      <Filter>Source Files</Filter>
    </ClCompile>
    <ClCompile Include="AdminSocket.cpp">
      <Filter>Source Files</Filter>
    </ClCompile>
    <ClCompile Include="..\AsyncSocketEx.cpp">
      <Filter>Source Files</Filter>
    </ClCompile>
    <ClCompile Include="..\AsyncSocketExLayer.cpp">
      <Filter>Source Files</Filter>
    </ClCompile>
    <ClCompile Include="..\AsyncSslSocketLayer.cpp">
      <Filter>Source Files</Filter>
    </ClCompile>
    <ClCompile Include="misc\BrowseForFolder.cpp">
      <Filter>Source Files</Filter>
    </ClCompile>
    <ClCompile Include="ConnectDialog.cpp">
      <Filter>Source Files</Filter>
    </ClCompile>
    <ClCompile Include="..\conversion.cpp">
      <Filter>Source Files</Filter>
    </ClCompile>
    <ClCompile Include="DeleteGroupInUseDlg.cpp">
      <Filter>Source Files</Filter>
    </ClCompile>
    <ClCompile Include="EnterSomething.cpp">
      <Filter>Source Files</Filter>
    </ClCompile>
    <ClCompile Include="FileZilla server.cpp">
      <Filter>Source Files</Filter>
    </ClCompile>
    <ClCompile Include="GenerateCertificateDlg.cpp">
      <Filter>Source Files</Filter>
    </ClCompile>
    <ClCompile Include="GroupsDlg.cpp">
      <Filter>Source Files</Filter>
    </ClCompile>
    <ClCompile Include="GroupsDlgGeneral.cpp">
      <Filter>Source Files</Filter>
    </ClCompile>
    <ClCompile Include="GroupsDlgIpFilter.cpp">
      <Filter>Source Files</Filter>
    </ClCompile>
    <ClCompile Include="GroupsDlgSharedFolders.cpp">
      <Filter>Source Files</Filter>
    </ClCompile>
    <ClCompile Include="GroupsDlgSpeedLimit.cpp">
      <Filter>Source Files</Filter>
    </ClCompile>
    <ClCompile Include="misc\HyperLink.cpp">
      <Filter>Source Files</Filter>
    </ClCompile>
    <ClCompile Include="..\iputils.cpp">
      <Filter>Source Files</Filter>
    </ClCompile>
    <ClCompile Include="misc\Led.cpp">
      <Filter>Source Files</Filter>
    </ClCompile>
    <ClCompile Include="MainFrm.cpp">
      <Filter>Source Files</Filter>
    </ClCompile>
    <ClCompile Include="..\misc\md5.cpp">
      <Filter>Source Files</Filter>
    </ClCompile>
    <ClCompile Include="..\misc\mmgr.cpp">
      <Filter>Source Files</Filter>
    </ClCompile>
    <ClCompile Include="NewUserDlg.cpp">
      <Filter>Source Files</Filter>
    </ClCompile>
    <ClCompile Include="OfflineAskDlg.cpp">
      <Filter>Source Files</Filter>
    </ClCompile>
    <ClCompile Include="Options.cpp">
      <Filter>Source Files</Filter>
    </ClCompile>
    <ClCompile Include="OptionsAdminInterfacePage.cpp">
      <Filter>Source Files</Filter>
    </ClCompile>
    <ClCompile Include="OptionsAutobanPage.cpp">
      <Filter>Source Files</Filter>
    </ClCompile>
    <ClCompile Include="OptionsCompressionPage.cpp">
      <Filter>Source Files</Filter>
    </ClCompile>
    <ClCompile Include="OptionsDlg.cpp">
      <Filter>Source Files</Filter>
    </ClCompile>
    <ClCompile Include="OptionsGeneralIpbindingsPage.cpp">
      <Filter>Source Files</Filter>
    </ClCompile>
    <ClCompile Include="OptionsGeneralPage.cpp">
      <Filter>Source Files</Filter>
    </ClCompile>
    <ClCompile Include="OptionsGeneralWelcomemessagePage.cpp">
      <Filter>Source Files</Filter>
    </ClCompile>
    <ClCompile Include="OptionsGSSPage.cpp">
      <Filter>Source Files</Filter>
    </ClCompile>
    <ClCompile Include="OptionsIpFilterPage.cpp">
      <Filter>Source Files</Filter>
    </ClCompile>
    <ClCompile Include="OptionsLoggingPage.cpp">
      <Filter>Source Files</Filter>
    </ClCompile>
    <ClCompile Include="OptionsMiscPage.cpp">
      <Filter>Source Files</Filter>
    </ClCompile>
    <ClCompile Include="OptionsPage.cpp">
      <Filter>Source Files</Filter>
    </ClCompile>
    <ClCompile Include="OptionsPasvPage.cpp">
      <Filter>Source Files</Filter>
    </ClCompile>
    <ClCompile Include="OptionsSecurityPage.cpp">
      <Filter>Source Files</Filter>
    </ClCompile>
    <ClCompile Include="OptionsSpeedLimitPage.cpp">
      <Filter>Source Files</Filter>
    </ClCompile>
    <ClCompile Include="OptionsSslPage.cpp">
      <Filter>Source Files</Filter>
    </ClCompile>
    <ClCompile Include="OutputFormat.cpp">
      <Filter>Source Files</Filter>
    </ClCompile>
    <ClCompile Include="misc\SAPrefsDialog.cpp">
      <Filter>Source Files</Filter>
    </ClCompile>
    <ClCompile Include="misc\SAPrefsStatic.cpp">
      <Filter>Source Files</Filter>
    </ClCompile>
    <ClCompile Include="misc\SAPrefsSubDlg.cpp">
      <Filter>Source Files</Filter>
    </ClCompile>
    <ClCompile Include="misc\SBDestination.cpp">
      <Filter>Source Files</Filter>
    </ClCompile>
    <ClCompile Include="..\SpeedLimit.cpp">
      <Filter>Source Files</Filter>
    </ClCompile>
    <ClCompile Include="SpeedLimitRuleDlg.cpp">
      <Filter>Source Files</Filter>
    </ClCompile>
    <ClCompile Include="splitex.cpp">
      <Filter>Source Files</Filter>
    </ClCompile>
    <ClCompile Include="StatusCtrl.cpp">
      <Filter>Source Files</Filter>
    </ClCompile>
    <ClCompile Include="StatusView.cpp">
      <Filter>Source Files</Filter>
    </ClCompile>
    <ClCompile Include="StdAfx.cpp">
      <Filter>Source Files</Filter>
    </ClCompile>
    <ClCompile Include="misc\SystemTray.cpp">
      <Filter>Source Files</Filter>
    </ClCompile>
    <ClCompile Include="..\tinyxml\tinystr.cpp">
      <Filter>Source Files</Filter>
    </ClCompile>
    <ClCompile Include="..\tinyxml\tinyxml.cpp">
      <Filter>Source Files</Filter>
    </ClCompile>
    <ClCompile Include="..\tinyxml\tinyxmlerror.cpp">
      <Filter>Source Files</Filter>
    </ClCompile>
    <ClCompile Include="..\tinyxml\tinyxmlparser.cpp">
      <Filter>Source Files</Filter>
    </ClCompile>
    <ClCompile Include="UsersDlg.cpp">
      <Filter>Source Files</Filter>
    </ClCompile>
    <ClCompile Include="UsersDlgGeneral.cpp">
      <Filter>Source Files</Filter>
    </ClCompile>
    <ClCompile Include="UsersDlgIpFilter.cpp">
      <Filter>Source Files</Filter>
    </ClCompile>
    <ClCompile Include="UsersDlgSharedFolders.cpp">
      <Filter>Source Files</Filter>
    </ClCompile>
    <ClCompile Include="UsersDlgSpeedLimit.cpp">
      <Filter>Source Files</Filter>
    </ClCompile>
    <ClCompile Include="UsersListCtrl.cpp">
      <Filter>Source Files</Filter>
    </ClCompile>
    <ClCompile Include="UsersView.cpp">
      <Filter>Source Files</Filter>
    </ClCompile>
    <ClCompile Include="..\version.cpp">
      <Filter>Source Files</Filter>
    </ClCompile>
    <ClCompile Include="..\xml_utils.cpp">
      <Filter>Source Files</Filter>
    </ClCompile>
  </ItemGroup>
  <ItemGroup>
    <ClInclude Include="..\Accounts.h">
      <Filter>Header Files</Filter>
    </ClInclude>
    <ClInclude Include="AdminSocket.h">
      <Filter>Header Files</Filter>
    </ClInclude>
    <ClInclude Include="..\AsyncSocketEx.h">
      <Filter>Header Files</Filter>
    </ClInclude>
    <ClInclude Include="..\AsyncSocketExLayer.h">
      <Filter>Header Files</Filter>
    </ClInclude>
    <ClInclude Include="..\AsyncSslSocketLayer.h">
      <Filter>Header Files</Filter>
    </ClInclude>
    <ClInclude Include="misc\BrowseForFolder.h">
      <Filter>Header Files</Filter>
    </ClInclude>
    <ClInclude Include="ConnectDialog.h">
      <Filter>Header Files</Filter>
    </ClInclude>
    <ClInclude Include="..\conversion.h">
      <Filter>Header Files</Filter>
    </ClInclude>
    <ClInclude Include="DeleteGroupInUseDlg.h">
      <Filter>Header Files</Filter>
    </ClInclude>
    <ClInclude Include="EnterSomething.h">
      <Filter>Header Files</Filter>
    </ClInclude>
    <ClInclude Include="FileZilla server.h">
      <Filter>Header Files</Filter>
    </ClInclude>
    <ClInclude Include="GenerateCertificateDlg.h">
      <Filter>Header Files</Filter>
    </ClInclude>
    <ClInclude Include="GroupsDlg.h">
      <Filter>Header Files</Filter>
    </ClInclude>
    <ClInclude Include="GroupsDlgGeneral.h">
      <Filter>Header Files</Filter>
    </ClInclude>
    <ClInclude Include="GroupsDlgIpFilter.h">
      <Filter>Header Files</Filter>
    </ClInclude>
    <ClInclude Include="GroupsDlgSharedFolders.h">
      <Filter>Header Files</Filter>
    </ClInclude>
    <ClInclude Include="GroupsDlgSpeedLimit.h">
      <Filter>Header Files</Filter>
    </ClInclude>
    <ClInclude Include="MainFrm.h">
      <Filter>Header Files</Filter>
    </ClInclude>
    <ClInclude Include="..\misc\md5.h">
      <Filter>Header Files</Filter>
    </ClInclude>
    <ClInclude Include="NewUserDlg.h">
      <Filter>Header Files</Filter>
    </ClInclude>
    <ClInclude Include="OfflineAskDlg.h">
      <Filter>Header Files</Filter>
    </ClInclude>
    <ClInclude Include="..\OptionLimits.h">
      <Filter>Header Files</Filter>
    </ClInclude>
    <ClInclude Include="Options.h">
      <Filter>Header Files</Filter>
    </ClInclude>
    <ClInclude Include="OptionsAdminInterfacePage.h">
      <Filter>Header Files</Filter>
    </ClInclude>
    <ClInclude Include="OptionsAutobanPage.h">
      <Filter>Header Files</Filter>
    </ClInclude>
    <ClInclude Include="OptionsCompressionPage.h">
      <Filter>Header Files</Filter>
    </ClInclude>
    <ClInclude Include="OptionsDlg.h">
      <Filter>Header Files</Filter>
    </ClInclude>
    <ClInclude Include="OptionsGeneralIpbindingsPage.h">
      <Filter>Header Files</Filter>
    </ClInclude>
    <ClInclude Include="OptionsGeneralPage.h">
      <Filter>Header Files</Filter>
    </ClInclude>
    <ClInclude Include="OptionsGeneralWelcomemessagePage.h">
      <Filter>Header Files</Filter>
    </ClInclude>
    <ClInclude Include="OptionsGSSPage.h">
      <Filter>Header Files</Filter>
    </ClInclude>
    <ClInclude Include="OptionsIpFilterPage.h">
      <Filter>Header Files</Filter>
    </ClInclude>
    <ClInclude Include="OptionsLoggingPage.h">
      <Filter>Header Files</Filter>
    </ClInclude>
    <ClInclude Include="OptionsMiscPage.h">
      <Filter>Header Files</Filter>
    </ClInclude>
    <ClInclude Include="OptionsPage.h">
      <Filter>Header Files</Filter>
    </ClInclude>
    <ClInclude Include="OptionsPasvPage.h">
      <Filter>Header Files</Filter>
    </ClInclude>
    <ClInclude Include="OptionsSecurityPage.h">
      <Filter>Header Files</Filter>
    </ClInclude>
    <ClInclude Include="OptionsSpeedLimitPage.h">
      <Filter>Header Files</Filter>
    </ClInclude>
    <ClInclude Include="OptionsSslPage.h">
      <Filter>Header Files</Filter>
    </ClInclude>
    <ClInclude Include="OutputFormat.h">
      <Filter>Header Files</Filter>
    </ClInclude>
    <ClInclude Include="Resource.h">
      <Filter>Header Files</Filter>
    </ClInclude>
    <ClInclude Include="misc\SBDestination.h">
      <Filter>Header Files</Filter>
    </ClInclude>
    <ClInclude Include="..\serverstates.h">
      <Filter>Header Files</Filter>
    </ClInclude>
    <ClInclude Include="..\SpeedLimit.h">
      <Filter>Header Files</Filter>
    </ClInclude>
    <ClInclude Include="SpeedLimitRuleDlg.h">
      <Filter>Header Files</Filter>
    </ClInclude>
    <ClInclude Include="splitex.h">
      <Filter>Header Files</Filter>
    </ClInclude>
    <ClInclude Include="StatusCtrl.h">
      <Filter>Header Files</Filter>
    </ClInclude>
    <ClInclude Include="StatusView.h">
      <Filter>Header Files</Filter>
    </ClInclude>
    <ClInclude Include="StdAfx.h">
      <Filter>Header Files</Filter>
    </ClInclude>
    <ClInclude Include="UsersDlg.h">
      <Filter>Header Files</Filter>
    </ClInclude>
    <ClInclude Include="UsersDlgGeneral.h">
      <Filter>Header Files</Filter>
    </ClInclude>
    <ClInclude Include="UsersDlgIpFilter.h">
      <Filter>Header Files</Filter>
    </ClInclude>
    <ClInclude Include="UsersDlgSharedFolders.h">
      <Filter>Header Files</Filter>
    </ClInclude>
    <ClInclude Include="UsersDlgSpeedLimit.h">
      <Filter>Header Files</Filter>
    </ClInclude>
    <ClInclude Include="UsersListCtrl.h">
      <Filter>Header Files</Filter>
    </ClInclude>
    <ClInclude Include="UsersView.h">
      <Filter>Header Files</Filter>
    </ClInclude>
    <ClInclude Include="..\version.h">
      <Filter>Header Files</Filter>
    </ClInclude>
  </ItemGroup>
  <ItemGroup>
    <None Include="res\certificate.ico">
      <Filter>Resource Files</Filter>
    </None>
    <None Include="res\donate.bmp">
      <Filter>Resource Files</Filter>
    </None>
    <None Include="res\down.ico">
      <Filter>Resource Files</Filter>
    </None>
    <None Include="res\empty.ico">
      <Filter>Resource Files</Filter>
    </None>
    <None Include="res\FileZilla server.ico">
      <Filter>Resource Files</Filter>
    </None>
    <None Include="res\FileZilla server.rc2">
      <Filter>Resource Files</Filter>
    </None>
    <None Include="res\green.ico">
      <Filter>Resource Files</Filter>
    </None>
    <None Include="res\icon1.ico">
      <Filter>Resource Files</Filter>
    </None>
    <None Include="res\leds.bmp">
      <Filter>Resource Files</Filter>
    </None>
    <None Include="res\manifest.xml">
      <Filter>Resource Files</Filter>
    </None>
    <None Include="res\red.ico">
      <Filter>Resource Files</Filter>
    </None>
    <None Include="res\Toolbar.bmp">
      <Filter>Resource Files</Filter>
    </None>
    <None Include="res\transfer_modes.bmp">
      <Filter>Resource Files</Filter>
    </None>
    <None Include="res\unknown.ico">
      <Filter>Resource Files</Filter>
    </None>
    <None Include="res\up.ico">
      <Filter>Resource Files</Filter>
    </None>
    <None Include="res\userlisttoolbar.bmp">
      <Filter>Resource Files</Filter>
    </None>
    <None Include="res\yellow.ico">
      <Filter>Resource Files</Filter>
    </None>
  </ItemGroup>
  <ItemGroup>
    <ResourceCompile Include="FileZilla server.rc">
      <Filter>Resource Files</Filter>
    </ResourceCompile>
  </ItemGroup>
</Project>